
Microsoft Visual Studio Solution File, Format Version 12.00
# Visual Studio Version 16
VisualStudioVersion = 16.0.31129.286
MinimumVisualStudioVersion = 10.0.40219.1
Project("{FAE04EC0-301F-11D3-BF4B-00C04F79EFBC}") = "Even3Version", "Even3Version.csproj", "{99C885FD-0785-46BC-BA3E-9A00424F3FB7}"
EndProject
Global
	GlobalSection(SolutionConfigurationPlatforms) = preSolution
		Debug|Any CPU = Debug|Any CPU
		Release|Any CPU = Release|Any CPU
	EndGlobalSection
	GlobalSection(ProjectConfigurationPlatforms) = postSolution
		{99C885FD-0785-46BC-BA3E-9A00424F3FB7}.Debug|Any CPU.ActiveCfg = Debug|Any CPU
		{99C885FD-0785-46BC-BA3E-9A00424F3FB7}.Debug|Any CPU.Build.0 = Debug|Any CPU
		{99C885FD-0785-46BC-BA3E-9A00424F3FB7}.Release|Any CPU.ActiveCfg = Release|Any CPU
		{99C885FD-0785-46BC-BA3E-9A00424F3FB7}.Release|Any CPU.Build.0 = Release|Any CPU
	EndGlobalSection
	GlobalSection(SolutionProperties) = preSolution
		HideSolutionNode = FALSE
	EndGlobalSection
	GlobalSection(ExtensibilityGlobals) = postSolution
		SolutionGuid = {AA14357A-1CC7-4B9E-A763-7D415652F82E}
	EndGlobalSection
EndGlobal
